# This file is automatically @generated by Cargo.
# It is not intended for manual editing.
version = 4

[[package]]
name = "ts_port"
version = "0.25.10"
dependencies = [
 "ts_port_tables",
]

[[package]]
name = "ts_port_c"
version = "0.1.0"
dependencies = [
 "ts_port_tables",
]

[[package]]
name = "ts_port_cpp"
version = "0.1.0"
dependencies = [
 "ts_port_tables",
]

[[package]]
name = "ts_port_go"
version = "0.1.0"
dependencies = [
 "ts_port_tables",
]

[[package]]
name = "ts_port_java"
version = "0.1.0"
dependencies = [
 "ts_port_tables",
]

[[package]]
name = "ts_port_javascript"
version = "0.1.0"
dependencies = [
 "ts_port_tables",
]

[[package]]
name = "ts_port_python"
version = "0.1.0"
dependencies = [
 "ts_port_tables",
]

[[package]]
name = "ts_port_rust"
version = "0.1.0"
dependencies = [
 "ts_port_tables",
]

[[package]]
name = "ts_port_tables"
version = "0.1.0"

[[package]]
name = "ts_port_tsx"
version = "0.1.0"
dependencies = [
 "ts_port_tables",
]

[[package]]
name = "ts_port_typescript"
version = "0.1.0"
dependencies = [
 "ts_port_tables",
]
